
Microsoft Visual Studio Solution File, Format Version 12.00
# Visual Studio Version 16
VisualStudioVersion = 16.0.30717.126
MinimumVisualStudioVersion = 10.0.40219.1
Project("{FAE04EC0-301F-11D3-BF4B-00C04F79EFBC}") = "40_WFA_McAdam", "40_WFA_McAdam\40_WFA_McAdam.csproj", "{8557AE52-31BC-42A9-BCAC-2C541EA93ACB}"
EndProject
Global
	GlobalSection(SolutionConfigurationPlatforms) = preSolution
		Debug|Any CPU = Debug|Any CPU
		Release|Any CPU = Release|Any CPU
	EndGlobalSection
	GlobalSection(ProjectConfigurationPlatforms) = postSolution
		{8557AE52-31BC-42A9-BCAC-2C541EA93ACB}.Debug|Any CPU.ActiveCfg = Debug|Any CPU
		{8557AE52-31BC-42A9-BCAC-2C541EA93ACB}.Debug|Any CPU.Build.0 = Debug|Any CPU
		{8557AE52-31BC-42A9-BCAC-2C541EA93ACB}.Release|Any CPU.ActiveCfg = Release|Any CPU
		{8557AE52-31BC-42A9-BCAC-2C541EA93ACB}.Release|Any CPU.Build.0 = Release|Any CPU
	EndGlobalSection
	GlobalSection(SolutionProperties) = preSolution
		HideSolutionNode = FALSE
	EndGlobalSection
	GlobalSection(ExtensibilityGlobals) = postSolution
		SolutionGuid = {0A65AC28-A5EE-4C49-B127-B9854DAEE726}
	EndGlobalSection
EndGlobal
